// !$*UTF8*$!
{
	archiveVersion = 1;
	classes = {
	};
	objectVersion = 71;
	objects = {

/* Begin PBXBuildFile section */
		50B1DE10301DAC5000F6B337 /* Apollo in Frameworks */ = {isa = PBXBuildFile; productRef = F10000000000000000000001 /* Apollo */; };
		50B1DE11301DAC5000F6B337 /* ApolloAPI in Frameworks */ = {isa = PBXBuildFile; productRef = F10000000000000000000002 /* ApolloAPI */; };
		50B1DE12301DAC5000F6B337 /* ApolloWebSocket in Frameworks */ = {isa = PBXBuildFile; productRef = F10000000000000000000003 /* ApolloWebSocket */; };
		50B1DE13301DAC5000F6B337 /* MarkdownUI in Frameworks */ = {isa = PBXBuildFile; productRef = F10000000000000000000004 /* MarkdownUI */; };
		50B1DE14301DAC5000F6B337 /* NoemaAPI in Frameworks */ = {isa = PBXBuildFile; productRef = F10000000000000000000008 /* NoemaAPI */; };
		A20000000000000000000001 /* NoemaLiveActivity.appex in Embed Foundation Extensions */ = {isa = PBXBuildFile; fileRef = A20000000000000000000002 /* NoemaLiveActivity.appex */; settings = {ATTRIBUTES = (CodeSignOnCopy, RemoveHeadersOnCopy, ); }; };
/* End PBXBuildFile section */

/* Begin PBXContainerItemProxy section */
		A20000000000000000000003 /* PBXContainerItemProxy */ = {
			isa = PBXContainerItemProxy;
			containerPortal = E10000000000000000000002 /* Project object */;
			proxyType = 1;
			remoteGlobalIDString = A20000000000000000000010;
			remoteInfo = NoemaLiveActivity;
		};
/* End PBXContainerItemProxy section */

/* Begin PBXCopyFilesBuildPhase section */
		A20000000000000000000004 /* Embed Foundation Extensions */ = {
			isa = PBXCopyFilesBuildPhase;
			buildActionMask = 2147483647;
			dstPath = "";
			dstSubfolderSpec = 13;
			files = (
				A20000000000000000000001 /* NoemaLiveActivity.appex in Embed Foundation Extensions */,
			);
			name = "Embed Foundation Extensions";
			runOnlyForDeploymentPostprocessing = 0;
		};
/* End PBXCopyFilesBuildPhase section */

/* Begin PBXFileReference section */
		A20000000000000000000002 /* NoemaLiveActivity.appex */ = {isa = PBXFileReference; explicitFileType = "wrapper.app-extension"; includeInIndex = 0; path = NoemaLiveActivity.appex; sourceTree = BUILT_PRODUCTS_DIR; };
		B1000000000000000000000E /* Noema.app */ = {isa = PBXFileReference; explicitFileType = wrapper.application; includeInIndex = 0; path = Noema.app; sourceTree = BUILT_PRODUCTS_DIR; };
/* End PBXFileReference section */

/* Begin PBXFileSystemSynchronizedBuildFileExceptionSet section */
		A20000000000000000000005 /* PBXFileSystemSynchronizedBuildFileExceptionSet */ = {
			isa = PBXFileSystemSynchronizedBuildFileExceptionSet;
			membershipExceptions = (
				Info.plist,
			);
			target = A20000000000000000000010 /* NoemaLiveActivity */;
		};
		D1000000000000000000000D /* PBXFileSystemSynchronizedBuildFileExceptionSet */ = {
			isa = PBXFileSystemSynchronizedBuildFileExceptionSet;
			membershipExceptions = (
				Generated,
				Info.plist,
			);
			target = E10000000000000000000001 /* Noema */;
		};
/* End PBXFileSystemSynchronizedBuildFileExceptionSet section */

/* Begin PBXFileSystemSynchronizedRootGroup section */
		A20000000000000000000006 /* NoemaLiveActivity */ = {isa = PBXFileSystemSynchronizedRootGroup; exceptions = (A20000000000000000000005 /* PBXFileSystemSynchronizedBuildFileExceptionSet */, ); explicitFileTypes = {}; explicitFolders = (); path = NoemaLiveActivity; sourceTree = "<group>"; };
		A20000000000000000000007 /* NoemaLiveActivityShared */ = {isa = PBXFileSystemSynchronizedRootGroup; explicitFileTypes = {}; explicitFolders = (); path = NoemaLiveActivityShared; sourceTree = "<group>"; };
		D1000000000000000000000C /* Noema */ = {isa = PBXFileSystemSynchronizedRootGroup; exceptions = (D1000000000000000000000D /* PBXFileSystemSynchronizedBuildFileExceptionSet */, ); explicitFileTypes = {}; explicitFolders = (); path = Noema; sourceTree = "<group>"; };
/* End PBXFileSystemSynchronizedRootGroup section */

/* Begin PBXFrameworksBuildPhase section */
		A20000000000000000000008 /* Frameworks */ = {
			isa = PBXFrameworksBuildPhase;
			buildActionMask = 2147483647;
			files = (
			);
			runOnlyForDeploymentPostprocessing = 0;
		};
		C10000000000000000000001 /* Frameworks */ = {
			isa = PBXFrameworksBuildPhase;
			buildActionMask = 2147483647;
			files = (
				50B1DE14301DAC5000F6B337 /* NoemaAPI in Frameworks */,
				50B1DE13301DAC5000F6B337 /* MarkdownUI in Frameworks */,
				50B1DE12301DAC5000F6B337 /* ApolloWebSocket in Frameworks */,
				50B1DE11301DAC5000F6B337 /* ApolloAPI in Frameworks */,
				50B1DE10301DAC5000F6B337 /* Apollo in Frameworks */,
			);
			runOnlyForDeploymentPostprocessing = 0;
		};
/* End PBXFrameworksBuildPhase section */

/* Begin PBXGroup section */
		D10000000000000000000001 = {
			isa = PBXGroup;
			children = (
				D1000000000000000000000C /* Noema */,
				A20000000000000000000006 /* NoemaLiveActivity */,
				A20000000000000000000007 /* NoemaLiveActivityShared */,
				D1000000000000000000000B /* Products */,
			);
			sourceTree = "<group>";
		};
		D1000000000000000000000B /* Products */ = {
			isa = PBXGroup;
			children = (
				B1000000000000000000000E /* Noema.app */,
				A20000000000000000000002 /* NoemaLiveActivity.appex */,
			);
			name = Products;
			sourceTree = "<group>";
		};
/* End PBXGroup section */

/* Begin PBXNativeTarget section */
		A20000000000000000000010 /* NoemaLiveActivity */ = {
			isa = PBXNativeTarget;
			buildConfigurationList = A20000000000000000000014 /* Build configuration list for PBXNativeTarget "NoemaLiveActivity" */;
			buildPhases = (
				A20000000000000000000011 /* Sources */,
				A20000000000000000000008 /* Frameworks */,
				A20000000000000000000012 /* Resources */,
			);
			buildRules = (
			);
			dependencies = (
			);
			fileSystemSynchronizedGroups = (
				A20000000000000000000006 /* NoemaLiveActivity */,
				A20000000000000000000007 /* NoemaLiveActivityShared */,
			);
			name = NoemaLiveActivity;
			packageProductDependencies = (
			);
			productName = NoemaLiveActivity;
			productReference = A20000000000000000000002 /* NoemaLiveActivity.appex */;
			productType = "com.apple.product-type.app-extension";
		};
		E10000000000000000000001 /* Noema */ = {
			isa = PBXNativeTarget;
			buildConfigurationList = E10000000000000000000004 /* Build configuration list for PBXNativeTarget "Noema" */;
			buildPhases = (
				C10000000000000000000002 /* Sources */,
				C10000000000000000000001 /* Frameworks */,
				C10000000000000000000003 /* Resources */,
				A20000000000000000000004 /* Embed Foundation Extensions */,
			);
			buildRules = (
			);
			dependencies = (
				A20000000000000000000009 /* PBXTargetDependency */,
			);
			fileSystemSynchronizedGroups = (
				A20000000000000000000007 /* NoemaLiveActivityShared */,
				D1000000000000000000000C /* Noema */,
			);
			name = Noema;
			packageProductDependencies = (
				F10000000000000000000001 /* Apollo */,
				F10000000000000000000002 /* ApolloAPI */,
				F10000000000000000000003 /* ApolloWebSocket */,
				F10000000000000000000004 /* MarkdownUI */,
				F10000000000000000000008 /* NoemaAPI */,
			);
			productName = Noema;
			productReference = B1000000000000000000000E /* Noema.app */;
			productType = "com.apple.product-type.application";
		};
/* End PBXNativeTarget section */

/* Begin PBXProject section */
		E10000000000000000000002 /* Project object */ = {
			isa = PBXProject;
			attributes = {
				BuildIndependentTargetsInParallel = 1;
				LastSwiftUpdateCheck = 2700;
				LastUpgradeCheck = 2700;
				TargetAttributes = {
					A20000000000000000000010 = {
						CreatedOnToolsVersion = 27.0;
					};
					E10000000000000000000001 = {
						CreatedOnToolsVersion = 27.0;
						SystemCapabilities = {
							com.apple.Push = {
								enabled = 1;
							};
						};
					};
				};
			};
			buildConfigurationList = E10000000000000000000003 /* Build configuration list for PBXProject "Noema" */;
			compatibilityVersion = "Xcode 16.0";
			developmentRegion = en;
			hasScannedForEncodings = 0;
			knownRegions = (
				en,
				Base,
			);
			mainGroup = D10000000000000000000001;
			packageReferences = (
				F10000000000000000000005 /* XCRemoteSwiftPackageReference "apollo-ios" */,
				F10000000000000000000006 /* XCRemoteSwiftPackageReference "MarkdownUI" */,
				F10000000000000000000007 /* XCLocalSwiftPackageReference "Noema/Generated" */,
			);
			productRefGroup = D1000000000000000000000B /* Products */;
			projectDirPath = "";
			projectRoot = "";
			targets = (
				E10000000000000000000001 /* Noema */,
				A20000000000000000000010 /* NoemaLiveActivity */,
			);
		};
/* End PBXProject section */

/* Begin PBXResourcesBuildPhase section */
		A20000000000000000000012 /* Resources */ = {
			isa = PBXResourcesBuildPhase;
			buildActionMask = 2147483647;
			files = (
			);
			runOnlyForDeploymentPostprocessing = 0;
		};
		C10000000000000000000003 /* Resources */ = {
			isa = PBXResourcesBuildPhase;
			buildActionMask = 2147483647;
			files = (
			);
			runOnlyForDeploymentPostprocessing = 0;
		};
/* End PBXResourcesBuildPhase section */

/* Begin PBXSourcesBuildPhase section */
		A20000000000000000000011 /* Sources */ = {
			isa = PBXSourcesBuildPhase;
			buildActionMask = 2147483647;
			files = (
			);
			runOnlyForDeploymentPostprocessing = 0;
		};
		C10000000000000000000002 /* Sources */ = {
			isa = PBXSourcesBuildPhase;
			buildActionMask = 2147483647;
			files = (
			);
			runOnlyForDeploymentPostprocessing = 0;
		};
/* End PBXSourcesBuildPhase section */

/* Begin PBXTargetDependency section */
		A20000000000000000000009 /* PBXTargetDependency */ = {
			isa = PBXTargetDependency;
			target = A20000000000000000000010 /* NoemaLiveActivity */;
			targetProxy = A20000000000000000000003 /* PBXContainerItemProxy */;
		};
/* End PBXTargetDependency section */

/* Begin XCBuildConfiguration section */
		A20000000000000000000015 /* Debug */ = {
			isa = XCBuildConfiguration;
			buildSettings = {
				APPLICATION_EXTENSION_API_ONLY = YES;
				CODE_SIGNING_ALLOWED = YES;
				CODE_SIGNING_REQUIRED = YES;
				CODE_SIGN_IDENTITY = "Apple Development";
				CODE_SIGN_STYLE = Automatic;
				CURRENT_PROJECT_VERSION = 1;
				DEVELOPMENT_TEAM = 9EV5GM7G6F;
				GENERATE_INFOPLIST_FILE = NO;
				INFOPLIST_FILE = NoemaLiveActivity/Info.plist;
				IPHONEOS_DEPLOYMENT_TARGET = 26.0;
				LD_RUNPATH_SEARCH_PATHS = (
					"$(inherited)",
					"@executable_path/Frameworks",
					"@executable_path/../../Frameworks",
				);
				MARKETING_VERSION = 0.1;
				PRODUCT_BUNDLE_IDENTIFIER = dev.noema.app.ios.liveactivity;
				PRODUCT_NAME = NoemaLiveActivity;
				PROVISIONING_PROFILE_SPECIFIER = "";
				SKIP_INSTALL = YES;
				SWIFT_ACTIVE_COMPILATION_CONDITIONS = "DEBUG $(inherited)";
				SWIFT_VERSION = 6.0;
				TARGETED_DEVICE_FAMILY = "1,2";
			};
			name = Debug;
		};
		A20000000000000000000016 /* Release */ = {
			isa = XCBuildConfiguration;
			buildSettings = {
				APPLICATION_EXTENSION_API_ONLY = YES;
				CODE_SIGNING_ALLOWED = YES;
				CODE_SIGNING_REQUIRED = YES;
				CODE_SIGN_IDENTITY = "Apple Development";
				CODE_SIGN_STYLE = Automatic;
				CURRENT_PROJECT_VERSION = 1;
				DEVELOPMENT_TEAM = 9EV5GM7G6F;
				GENERATE_INFOPLIST_FILE = NO;
				INFOPLIST_FILE = NoemaLiveActivity/Info.plist;
				IPHONEOS_DEPLOYMENT_TARGET = 26.0;
				LD_RUNPATH_SEARCH_PATHS = (
					"$(inherited)",
					"@executable_path/Frameworks",
					"@executable_path/../../Frameworks",
				);
				MARKETING_VERSION = 0.1;
				PRODUCT_BUNDLE_IDENTIFIER = dev.noema.app.ios.liveactivity;
				PRODUCT_NAME = NoemaLiveActivity;
				PROVISIONING_PROFILE_SPECIFIER = "";
				SKIP_INSTALL = YES;
				SWIFT_VERSION = 6.0;
				TARGETED_DEVICE_FAMILY = "1,2";
			};
			name = Release;
		};
		E10000000000000000000010 /* Debug */ = {
			isa = XCBuildConfiguration;
			buildSettings = {
				ALWAYS_SEARCH_USER_PATHS = NO;
				CLANG_ENABLE_MODULES = YES;
				CODE_SIGNING_ALLOWED = NO;
				CODE_SIGNING_REQUIRED = NO;
				CODE_SIGN_IDENTITY = "Apple Development: kpei98@gmail.com (V22HR6C38F)";
				CURRENT_PROJECT_VERSION = 1;
				DEVELOPMENT_TEAM = "";
				GENERATE_INFOPLIST_FILE = NO;
				IPHONEOS_DEPLOYMENT_TARGET = 26.0;
				MARKETING_VERSION = 0.1;
				PRODUCT_BUNDLE_IDENTIFIER = dev.noema.app.ios;
				SDKROOT = iphoneos;
				SWIFT_OPTIMIZATION_LEVEL = "-Onone";
				SWIFT_VERSION = 6.0;
			};
			name = Debug;
		};
		E10000000000000000000011 /* Release */ = {
			isa = XCBuildConfiguration;
			buildSettings = {
				ALWAYS_SEARCH_USER_PATHS = NO;
				CLANG_ENABLE_MODULES = YES;
				CODE_SIGNING_ALLOWED = NO;
				CODE_SIGNING_REQUIRED = NO;
				CODE_SIGN_IDENTITY = "Apple Development: kpei98@gmail.com (V22HR6C38F)";
				CURRENT_PROJECT_VERSION = 1;
				DEVELOPMENT_TEAM = "";
				GENERATE_INFOPLIST_FILE = NO;
				IPHONEOS_DEPLOYMENT_TARGET = 26.0;
				MARKETING_VERSION = 0.1;
				PRODUCT_BUNDLE_IDENTIFIER = dev.noema.app.ios;
				SDKROOT = iphoneos;
				SWIFT_VERSION = 6.0;
			};
			name = Release;
		};
		E10000000000000000000012 /* Debug */ = {
			isa = XCBuildConfiguration;
			buildSettings = {
				APS_ENVIRONMENT = development;
				ASSETCATALOG_COMPILER_APPICON_NAME = AppIcon;
				CODE_SIGNING_ALLOWED = YES;
				CODE_SIGNING_REQUIRED = YES;
				CODE_SIGN_ENTITLEMENTS = Noema/Noema.entitlements;
				CODE_SIGN_IDENTITY = "Apple Development";
				CODE_SIGN_STYLE = Automatic;
				DEVELOPMENT_TEAM = 9EV5GM7G6F;
				INFOPLIST_FILE = Noema/Info.plist;
				LD_RUNPATH_SEARCH_PATHS = (
					"$(inherited)",
					"@executable_path/Frameworks",
				);
				PRODUCT_BUNDLE_IDENTIFIER = dev.noema.app.ios;
				PRODUCT_NAME = Noema;
				PROVISIONING_PROFILE_SPECIFIER = "";
				SWIFT_ACTIVE_COMPILATION_CONDITIONS = "DEBUG $(inherited)";
				SWIFT_VERSION = 6.0;
				TARGETED_DEVICE_FAMILY = "1,2";
			};
			name = Debug;
		};
		E10000000000000000000013 /* Release */ = {
			isa = XCBuildConfiguration;
			buildSettings = {
				APS_ENVIRONMENT = production;
				ASSETCATALOG_COMPILER_APPICON_NAME = AppIcon;
				CODE_SIGNING_ALLOWED = YES;
				CODE_SIGNING_REQUIRED = YES;
				CODE_SIGN_ENTITLEMENTS = Noema/Noema.entitlements;
				CODE_SIGN_IDENTITY = "Apple Development";
				CODE_SIGN_STYLE = Automatic;
				DEVELOPMENT_TEAM = 9EV5GM7G6F;
				INFOPLIST_FILE = Noema/Info.plist;
				LD_RUNPATH_SEARCH_PATHS = (
					"$(inherited)",
					"@executable_path/Frameworks",
				);
				PRODUCT_BUNDLE_IDENTIFIER = dev.noema.app.ios;
				PRODUCT_NAME = Noema;
				PROVISIONING_PROFILE_SPECIFIER = "";
				SWIFT_VERSION = 6.0;
				TARGETED_DEVICE_FAMILY = "1,2";
			};
			name = Release;
		};
/* End XCBuildConfiguration section */

/* Begin XCConfigurationList section */
		A20000000000000000000014 /* Build configuration list for PBXNativeTarget "NoemaLiveActivity" */ = {
			isa = XCConfigurationList;
			buildConfigurations = (
				A20000000000000000000015 /* Debug */,
				A20000000000000000000016 /* Release */,
			);
			defaultConfigurationIsVisible = 0;
			defaultConfigurationName = Release;
		};
		E10000000000000000000003 /* Build configuration list for PBXProject "Noema" */ = {
			isa = XCConfigurationList;
			buildConfigurations = (
				E10000000000000000000010 /* Debug */,
				E10000000000000000000011 /* Release */,
			);
			defaultConfigurationIsVisible = 0;
			defaultConfigurationName = Release;
		};
		E10000000000000000000004 /* Build configuration list for PBXNativeTarget "Noema" */ = {
			isa = XCConfigurationList;
			buildConfigurations = (
				E10000000000000000000012 /* Debug */,
				E10000000000000000000013 /* Release */,
			);
			defaultConfigurationIsVisible = 0;
			defaultConfigurationName = Release;
		};
/* End XCConfigurationList section */

/* Begin XCLocalSwiftPackageReference section */
		F10000000000000000000007 /* XCLocalSwiftPackageReference "Noema/Generated" */ = {
			isa = XCLocalSwiftPackageReference;
			relativePath = Noema/Generated;
		};
/* End XCLocalSwiftPackageReference section */

/* Begin XCRemoteSwiftPackageReference section */
		F10000000000000000000005 /* XCRemoteSwiftPackageReference "apollo-ios" */ = {
			isa = XCRemoteSwiftPackageReference;
			repositoryURL = "https://github.com/apollographql/apollo-ios.git";
			requirement = {
				kind = exactVersion;
				version = 2.3.0;
			};
		};
		F10000000000000000000006 /* XCRemoteSwiftPackageReference "MarkdownUI" */ = {
			isa = XCRemoteSwiftPackageReference;
			repositoryURL = "https://github.com/gonzalezreal/MarkdownUI.git";
			requirement = {
				kind = exactVersion;
				version = 2.4.1;
			};
		};
/* End XCRemoteSwiftPackageReference section */

/* Begin XCSwiftPackageProductDependency section */
		F10000000000000000000001 /* Apollo */ = {
			isa = XCSwiftPackageProductDependency;
			package = F10000000000000000000005 /* XCRemoteSwiftPackageReference "apollo-ios" */;
			productName = Apollo;
		};
		F10000000000000000000002 /* ApolloAPI */ = {
			isa = XCSwiftPackageProductDependency;
			package = F10000000000000000000005 /* XCRemoteSwiftPackageReference "apollo-ios" */;
			productName = ApolloAPI;
		};
		F10000000000000000000003 /* ApolloWebSocket */ = {
			isa = XCSwiftPackageProductDependency;
			package = F10000000000000000000005 /* XCRemoteSwiftPackageReference "apollo-ios" */;
			productName = ApolloWebSocket;
		};
		F10000000000000000000004 /* MarkdownUI */ = {
			isa = XCSwiftPackageProductDependency;
			package = F10000000000000000000006 /* XCRemoteSwiftPackageReference "MarkdownUI" */;
			productName = MarkdownUI;
		};
		F10000000000000000000008 /* NoemaAPI */ = {
			isa = XCSwiftPackageProductDependency;
			package = F10000000000000000000007 /* XCLocalSwiftPackageReference "Noema/Generated" */;
			productName = NoemaAPI;
		};
/* End XCSwiftPackageProductDependency section */
	};
	rootObject = E10000000000000000000002 /* Project object */;
}
