// !$*UTF8*$!
{
	archiveVersion = 1;
	classes = {
	};
	objectVersion = 77;
	objects = {

/* Begin PBXBuildFile section */
		A10000000000000000000001 /* NoemaApp.swift in Sources */ = {isa = PBXBuildFile; fileRef = B10000000000000000000001 /* NoemaApp.swift */; };
		A10000000000000000000002 /* NoemaAppModel.swift in Sources */ = {isa = PBXBuildFile; fileRef = B10000000000000000000002 /* NoemaAppModel.swift */; };
		A10000000000000000000003 /* NoemaTokens.swift in Sources */ = {isa = PBXBuildFile; fileRef = B10000000000000000000003 /* NoemaTokens.swift */; };
		A10000000000000000000004 /* NoemaMotion.swift in Sources */ = {isa = PBXBuildFile; fileRef = B10000000000000000000004 /* NoemaMotion.swift */; };
		A10000000000000000000005 /* NoemaNavigation.swift in Sources */ = {isa = PBXBuildFile; fileRef = B10000000000000000000005 /* NoemaNavigation.swift */; };
		A10000000000000000000006 /* NoemaGraphQLClient.swift in Sources */ = {isa = PBXBuildFile; fileRef = B10000000000000000000006 /* NoemaGraphQLClient.swift */; };
		A10000000000000000000007 /* KeychainProfileStore.swift in Sources */ = {isa = PBXBuildFile; fileRef = B10000000000000000000007 /* KeychainProfileStore.swift */; };
		A10000000000000000000008 /* PairingURI.swift in Sources */ = {isa = PBXBuildFile; fileRef = B10000000000000000000008 /* PairingURI.swift */; };
		A10000000000000000000009 /* PairingService.swift in Sources */ = {isa = PBXBuildFile; fileRef = B10000000000000000000009 /* PairingService.swift */; };
		A1000000000000000000000A /* PairingView.swift in Sources */ = {isa = PBXBuildFile; fileRef = B1000000000000000000000A /* PairingView.swift */; };
		A1000000000000000000000B /* QRScannerSheet.swift in Sources */ = {isa = PBXBuildFile; fileRef = B1000000000000000000000B /* QRScannerSheet.swift */; };
		A1000000000000000000000C /* Base64URL.swift in Sources */ = {isa = PBXBuildFile; fileRef = B1000000000000000000000C /* Base64URL.swift */; };
		A1000000000000000000000D /* NoemaDisplayName.swift in Sources */ = {isa = PBXBuildFile; fileRef = B1000000000000000000000F /* NoemaDisplayName.swift */; };
/* End PBXBuildFile section */

/* Begin PBXFileReference section */
		B10000000000000000000001 /* NoemaApp.swift */ = {isa = PBXFileReference; lastKnownFileType = sourcecode.swift; path = NoemaApp.swift; sourceTree = "<group>"; };
		B10000000000000000000002 /* NoemaAppModel.swift */ = {isa = PBXFileReference; lastKnownFileType = sourcecode.swift; path = NoemaAppModel.swift; sourceTree = "<group>"; };
		B10000000000000000000003 /* NoemaTokens.swift */ = {isa = PBXFileReference; lastKnownFileType = sourcecode.swift; path = NoemaTokens.swift; sourceTree = "<group>"; };
		B10000000000000000000004 /* NoemaMotion.swift */ = {isa = PBXFileReference; lastKnownFileType = sourcecode.swift; path = NoemaMotion.swift; sourceTree = "<group>"; };
		B10000000000000000000005 /* NoemaNavigation.swift */ = {isa = PBXFileReference; lastKnownFileType = sourcecode.swift; path = NoemaNavigation.swift; sourceTree = "<group>"; };
		B10000000000000000000006 /* NoemaGraphQLClient.swift */ = {isa = PBXFileReference; lastKnownFileType = sourcecode.swift; path = NoemaGraphQLClient.swift; sourceTree = "<group>"; };
		B10000000000000000000007 /* KeychainProfileStore.swift */ = {isa = PBXFileReference; lastKnownFileType = sourcecode.swift; path = KeychainProfileStore.swift; sourceTree = "<group>"; };
		B10000000000000000000008 /* PairingURI.swift */ = {isa = PBXFileReference; lastKnownFileType = sourcecode.swift; path = PairingURI.swift; sourceTree = "<group>"; };
		B10000000000000000000009 /* PairingService.swift */ = {isa = PBXFileReference; lastKnownFileType = sourcecode.swift; path = PairingService.swift; sourceTree = "<group>"; };
		B1000000000000000000000A /* PairingView.swift */ = {isa = PBXFileReference; lastKnownFileType = sourcecode.swift; path = PairingView.swift; sourceTree = "<group>"; };
		B1000000000000000000000B /* QRScannerSheet.swift */ = {isa = PBXFileReference; lastKnownFileType = sourcecode.swift; path = QRScannerSheet.swift; sourceTree = "<group>"; };
		B1000000000000000000000C /* Base64URL.swift */ = {isa = PBXFileReference; lastKnownFileType = sourcecode.swift; path = Base64URL.swift; sourceTree = "<group>"; };
		B1000000000000000000000D /* Info.plist */ = {isa = PBXFileReference; lastKnownFileType = text.plist.xml; path = Info.plist; sourceTree = "<group>"; };
		B1000000000000000000000E /* Noema.app */ = {isa = PBXFileReference; explicitFileType = wrapper.application; includeInIndex = 0; path = Noema.app; sourceTree = BUILT_PRODUCTS_DIR; };
		B1000000000000000000000F /* NoemaDisplayName.swift */ = {isa = PBXFileReference; lastKnownFileType = sourcecode.swift; path = NoemaDisplayName.swift; sourceTree = "<group>"; };
/* End PBXFileReference section */

/* Begin PBXFrameworksBuildPhase section */
		C10000000000000000000001 /* Frameworks */ = {
			isa = PBXFrameworksBuildPhase;
			buildActionMask = 2147483647;
			files = (
			);
			runOnlyForDeploymentPostprocessing = 0;
		};
/* End PBXFrameworksBuildPhase section */

/* Begin PBXGroup section */
		D10000000000000000000001 = {
			isa = PBXGroup;
			children = (
				D10000000000000000000002 /* App */,
				D10000000000000000000003 /* Core */,
				D10000000000000000000004 /* Features */,
				D10000000000000000000005 /* Shared */,
				B1000000000000000000000D /* Info.plist */,
			);
			path = Noema;
			sourceTree = "<group>";
		};
		D10000000000000000000002 /* App */ = {
			isa = PBXGroup;
			children = (
				B10000000000000000000001 /* NoemaApp.swift */,
				B10000000000000000000002 /* NoemaAppModel.swift */,
			);
			path = App;
			sourceTree = "<group>";
		};
		D10000000000000000000003 /* Core */ = {
			isa = PBXGroup;
			children = (
				D10000000000000000000006 /* Design */,
				D10000000000000000000007 /* Navigation */,
				D10000000000000000000008 /* Networking */,
				D10000000000000000000009 /* Security */,
			);
			path = Core;
			sourceTree = "<group>";
		};
		D10000000000000000000004 /* Features */ = {
			isa = PBXGroup;
			children = (
				D1000000000000000000000A /* Pairing */,
			);
			path = Features;
			sourceTree = "<group>";
		};
		D10000000000000000000005 /* Shared */ = {
			isa = PBXGroup;
			children = (
				B1000000000000000000000C /* Base64URL.swift */,
				B1000000000000000000000F /* NoemaDisplayName.swift */,
			);
			path = Shared;
			sourceTree = "<group>";
		};
		D10000000000000000000006 /* Design */ = {
			isa = PBXGroup;
			children = (
				B10000000000000000000003 /* NoemaTokens.swift */,
				B10000000000000000000004 /* NoemaMotion.swift */,
			);
			path = Design;
			sourceTree = "<group>";
		};
		D10000000000000000000007 /* Navigation */ = {
			isa = PBXGroup;
			children = (
				B10000000000000000000005 /* NoemaNavigation.swift */,
			);
			path = Navigation;
			sourceTree = "<group>";
		};
		D10000000000000000000008 /* Networking */ = {
			isa = PBXGroup;
			children = (
				B10000000000000000000006 /* NoemaGraphQLClient.swift */,
			);
			path = Networking;
			sourceTree = "<group>";
		};
		D10000000000000000000009 /* Security */ = {
			isa = PBXGroup;
			children = (
				B10000000000000000000007 /* KeychainProfileStore.swift */,
			);
			path = Security;
			sourceTree = "<group>";
		};
		D1000000000000000000000A /* Pairing */ = {
			isa = PBXGroup;
			children = (
				B10000000000000000000008 /* PairingURI.swift */,
				B10000000000000000000009 /* PairingService.swift */,
				B1000000000000000000000A /* PairingView.swift */,
				B1000000000000000000000B /* QRScannerSheet.swift */,
			);
			path = Pairing;
			sourceTree = "<group>";
		};
		D1000000000000000000000B /* Products */ = {
			isa = PBXGroup;
			children = (
				B1000000000000000000000E /* Noema.app */,
			);
			name = Products;
			path = "";
			sourceTree = "<group>";
		};
/* End PBXGroup section */

/* Begin PBXNativeTarget section */
		E10000000000000000000001 /* Noema */ = {
			isa = PBXNativeTarget;
			buildConfigurationList = E10000000000000000000004 /* Build configuration list for PBXNativeTarget "Noema" */;
			buildPhases = (
				C10000000000000000000002 /* Sources */,
				C10000000000000000000001 /* Frameworks */,
				C10000000000000000000003 /* Resources */,
			);
			buildRules = (
			);
			dependencies = (
			);
			name = Noema;
			packageProductDependencies = (
				F10000000000000000000001 /* Apollo */,
				F10000000000000000000002 /* ApolloAPI */,
				F10000000000000000000003 /* ApolloWebSocket */,
				F10000000000000000000004 /* MarkdownUI */,
				F10000000000000000000008 /* NoemaAPI */,
			);
			productName = Noema;
			productReference = B1000000000000000000000E /* Noema.app */;
			productType = "com.apple.product-type.application";
		};
/* End PBXNativeTarget section */

/* Begin PBXProject section */
		E10000000000000000000002 /* Project object */ = {
			isa = PBXProject;
			attributes = {
				BuildIndependentTargetsInParallel = 1;
				LastSwiftUpdateCheck = 2700;
				LastUpgradeCheck = 2700;
				TargetAttributes = {
					E10000000000000000000001 = {
						CreatedOnToolsVersion = 27.0;
					};
				};
			};
			buildConfigurationList = E10000000000000000000003 /* Build configuration list for PBXProject "Noema" */;
			compatibilityVersion = "Xcode 16.0";
			developmentRegion = en;
			hasScannedForEncodings = 0;
			knownRegions = (
				en,
				Base,
			);
			mainGroup = D10000000000000000000001;
			packageReferences = (
				F10000000000000000000005 /* Apollo iOS */,
				F10000000000000000000006 /* MarkdownUI */,
				F10000000000000000000007 /* NoemaAPI */,
			);
			productRefGroup = D1000000000000000000000B /* Products */;
			projectDirPath = "";
			projectRoot = "";
			targets = (
				E10000000000000000000001 /* Noema */,
			);
		};
/* End PBXProject section */

/* Begin PBXResourcesBuildPhase section */
		C10000000000000000000003 /* Resources */ = {
			isa = PBXResourcesBuildPhase;
			buildActionMask = 2147483647;
			files = (
			);
			runOnlyForDeploymentPostprocessing = 0;
		};
/* End PBXResourcesBuildPhase section */

/* Begin PBXSourcesBuildPhase section */
		C10000000000000000000002 /* Sources */ = {
			isa = PBXSourcesBuildPhase;
			buildActionMask = 2147483647;
			files = (
				A10000000000000000000001 /* NoemaApp.swift in Sources */,
				A10000000000000000000002 /* NoemaAppModel.swift in Sources */,
				A10000000000000000000003 /* NoemaTokens.swift in Sources */,
				A10000000000000000000004 /* NoemaMotion.swift in Sources */,
				A10000000000000000000005 /* NoemaNavigation.swift in Sources */,
				A10000000000000000000006 /* NoemaGraphQLClient.swift in Sources */,
				A10000000000000000000007 /* KeychainProfileStore.swift in Sources */,
				A10000000000000000000008 /* PairingURI.swift in Sources */,
				A10000000000000000000009 /* PairingService.swift in Sources */,
				A1000000000000000000000A /* PairingView.swift in Sources */,
				A1000000000000000000000B /* QRScannerSheet.swift in Sources */,
				A1000000000000000000000C /* Base64URL.swift in Sources */,
				A1000000000000000000000D /* NoemaDisplayName.swift in Sources */,
			);
			runOnlyForDeploymentPostprocessing = 0;
		};
/* End PBXSourcesBuildPhase section */

/* Begin XCBuildConfiguration section */
		E10000000000000000000010 /* Debug */ = {
			isa = XCBuildConfiguration;
			buildSettings = {
				ALWAYS_SEARCH_USER_PATHS = NO;
				CLANG_ENABLE_MODULES = YES;
				CODE_SIGNING_ALLOWED = NO;
				CODE_SIGNING_REQUIRED = NO;
				CODE_SIGN_IDENTITY = "-";
				CURRENT_PROJECT_VERSION = 1;
				DEVELOPMENT_TEAM = "";
				GENERATE_INFOPLIST_FILE = NO;
				IPHONEOS_DEPLOYMENT_TARGET = 26.0;
				MARKETING_VERSION = 0.1;
				PRODUCT_BUNDLE_IDENTIFIER = dev.noema.app.ios;
				SDKROOT = iphoneos;
				SWIFT_VERSION = 6.0;
				SWIFT_OPTIMIZATION_LEVEL = "-Onone";
			};
			name = Debug;
		};
		E10000000000000000000011 /* Release */ = {
			isa = XCBuildConfiguration;
			buildSettings = {
				ALWAYS_SEARCH_USER_PATHS = NO;
				CLANG_ENABLE_MODULES = YES;
				CODE_SIGNING_ALLOWED = NO;
				CODE_SIGNING_REQUIRED = NO;
				CODE_SIGN_IDENTITY = "-";
				CURRENT_PROJECT_VERSION = 1;
				DEVELOPMENT_TEAM = "";
				GENERATE_INFOPLIST_FILE = NO;
				IPHONEOS_DEPLOYMENT_TARGET = 26.0;
				MARKETING_VERSION = 0.1;
				PRODUCT_BUNDLE_IDENTIFIER = dev.noema.app.ios;
				SDKROOT = iphoneos;
				SWIFT_VERSION = 6.0;
			};
			name = Release;
		};
		E10000000000000000000012 /* Debug target */ = {
			isa = XCBuildConfiguration;
			buildSettings = {
				ASSETCATALOG_COMPILER_APPICON_NAME = AppIcon;
				CODE_SIGNING_ALLOWED = NO;
				CODE_SIGNING_REQUIRED = NO;
				INFOPLIST_FILE = Noema/Info.plist;
				LD_RUNPATH_SEARCH_PATHS = (
					"$(inherited)",
					"@executable_path/Frameworks",
				);
				PRODUCT_BUNDLE_IDENTIFIER = dev.noema.app.ios;
				PRODUCT_NAME = Noema;
				SWIFT_VERSION = 6.0;
				TARGETED_DEVICE_FAMILY = "1,2";
			};
			name = Debug;
		};
		E10000000000000000000013 /* Release target */ = {
			isa = XCBuildConfiguration;
			buildSettings = {
				ASSETCATALOG_COMPILER_APPICON_NAME = AppIcon;
				CODE_SIGNING_ALLOWED = NO;
				CODE_SIGNING_REQUIRED = NO;
				INFOPLIST_FILE = Noema/Info.plist;
				LD_RUNPATH_SEARCH_PATHS = (
					"$(inherited)",
					"@executable_path/Frameworks",
				);
				PRODUCT_BUNDLE_IDENTIFIER = dev.noema.app.ios;
				PRODUCT_NAME = Noema;
				SWIFT_VERSION = 6.0;
				TARGETED_DEVICE_FAMILY = "1,2";
			};
			name = Release;
		};
/* End XCBuildConfiguration section */

/* Begin XCConfigurationList section */
		E10000000000000000000003 /* Build configuration list for PBXProject "Noema" */ = {
			isa = XCConfigurationList;
			buildConfigurations = (
				E10000000000000000000010 /* Debug */,
				E10000000000000000000011 /* Release */,
			);
			defaultConfigurationIsVisible = 0;
			defaultConfigurationName = Release;
		};
		E10000000000000000000004 /* Build configuration list for PBXNativeTarget "Noema" */ = {
			isa = XCConfigurationList;
			buildConfigurations = (
				E10000000000000000000012 /* Debug target */,
				E10000000000000000000013 /* Release target */,
			);
			defaultConfigurationIsVisible = 0;
			defaultConfigurationName = Release;
		};
/* End XCConfigurationList section */

/* Begin XCSwiftPackageProductDependency section */
		F10000000000000000000001 /* Apollo */ = {isa = XCSwiftPackageProductDependency; package = F10000000000000000000005 /* Apollo iOS */; productName = Apollo; };
		F10000000000000000000002 /* ApolloAPI */ = {isa = XCSwiftPackageProductDependency; package = F10000000000000000000005 /* Apollo iOS */; productName = ApolloAPI; };
		F10000000000000000000003 /* ApolloWebSocket */ = {isa = XCSwiftPackageProductDependency; package = F10000000000000000000005 /* Apollo iOS */; productName = ApolloWebSocket; };
		F10000000000000000000004 /* MarkdownUI */ = {isa = XCSwiftPackageProductDependency; package = F10000000000000000000006 /* MarkdownUI */; productName = MarkdownUI; };
		F10000000000000000000008 /* NoemaAPI */ = {isa = XCSwiftPackageProductDependency; package = F10000000000000000000007 /* NoemaAPI */; productName = NoemaAPI; };
/* End XCSwiftPackageProductDependency section */

/* Begin XCLocalSwiftPackageReference section */
		F10000000000000000000007 /* NoemaAPI */ = {
			isa = XCLocalSwiftPackageReference;
			relativePath = Noema/Generated;
		};
/* End XCLocalSwiftPackageReference section */

/* Begin XCRemoteSwiftPackageReference section */
		F10000000000000000000005 /* Apollo iOS */ = {
			isa = XCRemoteSwiftPackageReference;
			repositoryURL = "https://github.com/apollographql/apollo-ios.git";
			requirement = {
				kind = exactVersion;
				version = 2.3.0;
			};
		};
		F10000000000000000000006 /* MarkdownUI */ = {
			isa = XCRemoteSwiftPackageReference;
			repositoryURL = "https://github.com/gonzalezreal/MarkdownUI.git";
			requirement = {
				kind = exactVersion;
				version = 2.4.1;
			};
		};
/* End XCRemoteSwiftPackageReference section */
	};
	rootObject = E10000000000000000000002 /* Project object */;
}
